
Microsoft Visual Studio Solution File, Format Version 12.00
# Visual Studio 2012
Project("{2150E333-8FDC-42A3-9474-1A3956D46DE8}") = "Solution Items", "Solution Items", "{4DF5921B-E8CD-4AEB-8E7A-699764A31750}"
	ProjectSection(SolutionItems) = preProject
		TODOs.txt = TODOs.txt
	EndProjectSection
EndProject
Project("{FAE04EC0-301F-11D3-BF4B-00C04F79EFBC}") = "Utilities", "Utilities\Utilities.csproj", "{1DC0553F-3D45-46F6-9418-E49717BA5E95}"
EndProject
Project("{2150E333-8FDC-42A3-9474-1A3956D46DE8}") = "Display", "Display", "{784A68A2-D354-4224-9FB9-20206B208EA2}"
EndProject
Project("{FAE04EC0-301F-11D3-BF4B-00C04F79EFBC}") = "Display.Demo", "Display.Demo\Display.Demo.csproj", "{2CF7F6D1-46D3-4FBC-8D98-9D4A1AD2083A}"
EndProject
Project("{2150E333-8FDC-42A3-9474-1A3956D46DE8}") = "View Models", "View Models", "{BA84BA9B-4EA0-43F7-9579-6530038847AA}"
EndProject
Project("{FAE04EC0-301F-11D3-BF4B-00C04F79EFBC}") = "Display.ViewModels", "Display.ViewModels\Display.ViewModels.csproj", "{0FA7462A-C224-4DAD-B21F-BDBC4F14D134}"
EndProject
Project("{FAE04EC0-301F-11D3-BF4B-00C04F79EFBC}") = "Display.ViewModels.Specs", "Display.ViewModels\Display.ViewModels.Specs\Display.ViewModels.Specs.csproj", "{8DDE1A44-AB16-4D7A-8CE3-E3AE5038FB18}"
EndProject
Project("{2150E333-8FDC-42A3-9474-1A3956D46DE8}") = "Views", "Views", "{38EEF1DD-1908-4B7D-A460-53B4A95B1E3B}"
EndProject
Project("{FAE04EC0-301F-11D3-BF4B-00C04F79EFBC}") = "Display.Views", "Display.Views\Display.Views.csproj", "{E18A3F24-1950-4172-8089-9CEC4ADD76D0}"
EndProject
Project("{2150E333-8FDC-42A3-9474-1A3956D46DE8}") = "Graphics", "Graphics", "{8C6EFEB8-5196-4E40-A779-E5F816900DE7}"
EndProject
Project("{FAE04EC0-301F-11D3-BF4B-00C04F79EFBC}") = "Display.Graphics", "Display.Graphics\Display.Graphics.csproj", "{4CBA5E80-45E7-4796-A43E-28ADC8B6C6CB}"
EndProject
Project("{2150E333-8FDC-42A3-9474-1A3956D46DE8}") = "Signal", "Signal", "{2337A0F9-82B5-45B5-8D13-2DD598EF6599}"
EndProject
Project("{FAE04EC0-301F-11D3-BF4B-00C04F79EFBC}") = "Signal", "Signal\Signal.csproj", "{2FC8E33D-D060-4667-9D84-314C83313E43}"
EndProject
Project("{FAE04EC0-301F-11D3-BF4B-00C04F79EFBC}") = "Signal.Specs", "Signal.Specs\Signal.Specs.csproj", "{12D13D23-1C16-4941-A66B-A2B67380EF41}"
EndProject
Project("{FAE04EC0-301F-11D3-BF4B-00C04F79EFBC}") = "Signal.Demo", "Signal.Demo\Signal.Demo.csproj", "{6C362BBC-DBE4-4F3F-BC57-D8257936DD5F}"
EndProject
Project("{2150E333-8FDC-42A3-9474-1A3956D46DE8}") = "Sampling", "Sampling", "{BF214026-56D2-4BC9-8E0D-62CFFB0CE270}"
EndProject
Project("{FAE04EC0-301F-11D3-BF4B-00C04F79EFBC}") = "Sampling", "Sampling\Sampling.csproj", "{405EE72A-2DAC-42C2-B13B-191516FEF51D}"
EndProject
Project("{FAE04EC0-301F-11D3-BF4B-00C04F79EFBC}") = "Sampling.Specs", "Sampling\Sampling.Specs\Sampling.Specs.csproj", "{1959F35B-6155-4BF5-81A9-AA03BE45C404}"
EndProject
Global
	GlobalSection(SolutionConfigurationPlatforms) = preSolution
		Debug|x86 = Debug|x86
		Release|x86 = Release|x86
	EndGlobalSection
	GlobalSection(ProjectConfigurationPlatforms) = postSolution
		{0FA7462A-C224-4DAD-B21F-BDBC4F14D134}.Debug|x86.ActiveCfg = Debug|Any CPU
		{0FA7462A-C224-4DAD-B21F-BDBC4F14D134}.Debug|x86.Build.0 = Debug|Any CPU
		{0FA7462A-C224-4DAD-B21F-BDBC4F14D134}.Release|x86.ActiveCfg = Release|Any CPU
		{0FA7462A-C224-4DAD-B21F-BDBC4F14D134}.Release|x86.Build.0 = Release|Any CPU
		{12D13D23-1C16-4941-A66B-A2B67380EF41}.Debug|x86.ActiveCfg = Debug|Any CPU
		{12D13D23-1C16-4941-A66B-A2B67380EF41}.Debug|x86.Build.0 = Debug|Any CPU
		{12D13D23-1C16-4941-A66B-A2B67380EF41}.Release|x86.ActiveCfg = Release|Any CPU
		{12D13D23-1C16-4941-A66B-A2B67380EF41}.Release|x86.Build.0 = Release|Any CPU
		{1959F35B-6155-4BF5-81A9-AA03BE45C404}.Debug|x86.ActiveCfg = Debug|Any CPU
		{1959F35B-6155-4BF5-81A9-AA03BE45C404}.Debug|x86.Build.0 = Debug|Any CPU
		{1959F35B-6155-4BF5-81A9-AA03BE45C404}.Release|x86.ActiveCfg = Release|Any CPU
		{1959F35B-6155-4BF5-81A9-AA03BE45C404}.Release|x86.Build.0 = Release|Any CPU
		{1DC0553F-3D45-46F6-9418-E49717BA5E95}.Debug|x86.ActiveCfg = Debug|Any CPU
		{1DC0553F-3D45-46F6-9418-E49717BA5E95}.Debug|x86.Build.0 = Debug|Any CPU
		{1DC0553F-3D45-46F6-9418-E49717BA5E95}.Release|x86.ActiveCfg = Release|Any CPU
		{1DC0553F-3D45-46F6-9418-E49717BA5E95}.Release|x86.Build.0 = Release|Any CPU
		{2CF7F6D1-46D3-4FBC-8D98-9D4A1AD2083A}.Debug|x86.ActiveCfg = Debug|x86
		{2CF7F6D1-46D3-4FBC-8D98-9D4A1AD2083A}.Debug|x86.Build.0 = Debug|x86
		{2CF7F6D1-46D3-4FBC-8D98-9D4A1AD2083A}.Release|x86.ActiveCfg = Release|x86
		{2CF7F6D1-46D3-4FBC-8D98-9D4A1AD2083A}.Release|x86.Build.0 = Release|x86
		{2FC8E33D-D060-4667-9D84-314C83313E43}.Debug|x86.ActiveCfg = Debug|Any CPU
		{2FC8E33D-D060-4667-9D84-314C83313E43}.Debug|x86.Build.0 = Debug|Any CPU
		{2FC8E33D-D060-4667-9D84-314C83313E43}.Release|x86.ActiveCfg = Release|Any CPU
		{2FC8E33D-D060-4667-9D84-314C83313E43}.Release|x86.Build.0 = Release|Any CPU
		{405EE72A-2DAC-42C2-B13B-191516FEF51D}.Debug|x86.ActiveCfg = Debug|Any CPU
		{405EE72A-2DAC-42C2-B13B-191516FEF51D}.Debug|x86.Build.0 = Debug|Any CPU
		{405EE72A-2DAC-42C2-B13B-191516FEF51D}.Release|x86.ActiveCfg = Release|Any CPU
		{405EE72A-2DAC-42C2-B13B-191516FEF51D}.Release|x86.Build.0 = Release|Any CPU
		{4CBA5E80-45E7-4796-A43E-28ADC8B6C6CB}.Debug|x86.ActiveCfg = Debug|Any CPU
		{4CBA5E80-45E7-4796-A43E-28ADC8B6C6CB}.Debug|x86.Build.0 = Debug|Any CPU
		{4CBA5E80-45E7-4796-A43E-28ADC8B6C6CB}.Release|x86.ActiveCfg = Release|Any CPU
		{4CBA5E80-45E7-4796-A43E-28ADC8B6C6CB}.Release|x86.Build.0 = Release|Any CPU
		{6C362BBC-DBE4-4F3F-BC57-D8257936DD5F}.Debug|x86.ActiveCfg = Debug|x86
		{6C362BBC-DBE4-4F3F-BC57-D8257936DD5F}.Debug|x86.Build.0 = Debug|x86
		{6C362BBC-DBE4-4F3F-BC57-D8257936DD5F}.Release|x86.ActiveCfg = Release|x86
		{6C362BBC-DBE4-4F3F-BC57-D8257936DD5F}.Release|x86.Build.0 = Release|x86
		{8DDE1A44-AB16-4D7A-8CE3-E3AE5038FB18}.Debug|x86.ActiveCfg = Debug|Any CPU
		{8DDE1A44-AB16-4D7A-8CE3-E3AE5038FB18}.Debug|x86.Build.0 = Debug|Any CPU
		{8DDE1A44-AB16-4D7A-8CE3-E3AE5038FB18}.Release|x86.ActiveCfg = Release|Any CPU
		{8DDE1A44-AB16-4D7A-8CE3-E3AE5038FB18}.Release|x86.Build.0 = Release|Any CPU
		{E18A3F24-1950-4172-8089-9CEC4ADD76D0}.Debug|x86.ActiveCfg = Debug|Any CPU
		{E18A3F24-1950-4172-8089-9CEC4ADD76D0}.Debug|x86.Build.0 = Debug|Any CPU
		{E18A3F24-1950-4172-8089-9CEC4ADD76D0}.Release|x86.ActiveCfg = Release|Any CPU
		{E18A3F24-1950-4172-8089-9CEC4ADD76D0}.Release|x86.Build.0 = Release|Any CPU
	EndGlobalSection
	GlobalSection(NestedProjects) = preSolution
		{2CF7F6D1-46D3-4FBC-8D98-9D4A1AD2083A} = {784A68A2-D354-4224-9FB9-20206B208EA2}
		{BA84BA9B-4EA0-43F7-9579-6530038847AA} = {784A68A2-D354-4224-9FB9-20206B208EA2}
		{38EEF1DD-1908-4B7D-A460-53B4A95B1E3B} = {784A68A2-D354-4224-9FB9-20206B208EA2}
		{8C6EFEB8-5196-4E40-A779-E5F816900DE7} = {784A68A2-D354-4224-9FB9-20206B208EA2}
		{0FA7462A-C224-4DAD-B21F-BDBC4F14D134} = {BA84BA9B-4EA0-43F7-9579-6530038847AA}
		{8DDE1A44-AB16-4D7A-8CE3-E3AE5038FB18} = {BA84BA9B-4EA0-43F7-9579-6530038847AA}
		{E18A3F24-1950-4172-8089-9CEC4ADD76D0} = {38EEF1DD-1908-4B7D-A460-53B4A95B1E3B}
		{4CBA5E80-45E7-4796-A43E-28ADC8B6C6CB} = {8C6EFEB8-5196-4E40-A779-E5F816900DE7}
		{2FC8E33D-D060-4667-9D84-314C83313E43} = {2337A0F9-82B5-45B5-8D13-2DD598EF6599}
		{12D13D23-1C16-4941-A66B-A2B67380EF41} = {2337A0F9-82B5-45B5-8D13-2DD598EF6599}
		{6C362BBC-DBE4-4F3F-BC57-D8257936DD5F} = {2337A0F9-82B5-45B5-8D13-2DD598EF6599}
		{405EE72A-2DAC-42C2-B13B-191516FEF51D} = {BF214026-56D2-4BC9-8E0D-62CFFB0CE270}
		{1959F35B-6155-4BF5-81A9-AA03BE45C404} = {BF214026-56D2-4BC9-8E0D-62CFFB0CE270}
	EndGlobalSection
	GlobalSection(MonoDevelopProperties) = preSolution
		Policies = $0
		$0.TextStylePolicy = $1
		$1.FileWidth = 120
		$1.inheritsSet = VisualStudio
		$1.inheritsScope = text/plain
		$1.scope = text/plain
	EndGlobalSection
EndGlobal
